// !$*UTF8*$!
{
	archiveVersion = 1;
	classes = {
	};
	objectVersion = 50;
	objects = {

/* Begin PBXBuildFile section */
		BD48596F250F515A0006FE8E /* AppDelegate.swift in Sources */ = {isa = PBXBuildFile; fileRef = BD48596E250F515A0006FE8E /* AppDelegate.swift */; };
		BD485971250F515A0006FE8E /* SceneDelegate.swift in Sources */ = {isa = PBXBuildFile; fileRef = BD485970250F515A0006FE8E /* SceneDelegate.swift */; };
		BD485973250F515A0006FE8E /* ViewController.swift in Sources */ = {isa = PBXBuildFile; fileRef = BD485972250F515A0006FE8E /* ViewController.swift */; };
		BD485976250F515A0006FE8E /* Main.storyboard in Resources */ = {isa = PBXBuildFile; fileRef = BD485974250F515A0006FE8E /* Main.storyboard */; };
		BD485978250F515B0006FE8E /* Assets.xcassets in Resources */ = {isa = PBXBuildFile; fileRef = BD485977250F515B0006FE8E /* Assets.xcassets */; };
		BD48597B250F515B0006FE8E /* LaunchScreen.storyboard in Resources */ = {isa = PBXBuildFile; fileRef = BD485979250F515B0006FE8E /* LaunchScreen.storyboard */; };
		BD485986250F515B0006FE8E /* SoundTests.swift in Sources */ = {isa = PBXBuildFile; fileRef = BD485985250F515B0006FE8E /* SoundTests.swift */; };
		BD485991250F515B0006FE8E /* SoundUITests.swift in Sources */ = {isa = PBXBuildFile; fileRef = BD485990250F515B0006FE8E /* SoundUITests.swift */; };
/* End PBXBuildFile section */

/* Begin PBXContainerItemProxy section */
		BD485982250F515B0006FE8E /* PBXContainerItemProxy */ = {
			isa = PBXContainerItemProxy;
			containerPortal = BD485963250F515A0006FE8E /* Project object */;
			proxyType = 1;
			remoteGlobalIDString = BD48596A250F515A0006FE8E;
			remoteInfo = Sound;
		};
		BD48598D250F515B0006FE8E /* PBXContainerItemProxy */ = {
			isa = PBXContainerItemProxy;
			containerPortal = BD485963250F515A0006FE8E /* Project object */;
			proxyType = 1;
			remoteGlobalIDString = BD48596A250F515A0006FE8E;
			remoteInfo = Sound;
		};
/* End PBXContainerItemProxy section */

/* Begin PBXFileReference section */
		BD48596B250F515A0006FE8E /* Sound.app */ = {isa = PBXFileReference; explicitFileType = wrapper.application; includeInIndex = 0; path = Sound.app; sourceTree = BUILT_PRODUCTS_DIR; };
		BD48596E250F515A0006FE8E /* AppDelegate.swift */ = {isa = PBXFileReference; lastKnownFileType = sourcecode.swift; path = AppDelegate.swift; sourceTree = "<group>"; };
		BD485970250F515A0006FE8E /* SceneDelegate.swift */ = {isa = PBXFileReference; lastKnownFileType = sourcecode.swift; path = SceneDelegate.swift; sourceTree = "<group>"; };
		BD485972250F515A0006FE8E /* ViewController.swift */ = {isa = PBXFileReference; lastKnownFileType = sourcecode.swift; path = ViewController.swift; sourceTree = "<group>"; };
		BD485975250F515A0006FE8E /* Base */ = {isa = PBXFileReference; lastKnownFileType = file.storyboard; name = Base; path = Base.lproj/Main.storyboard; sourceTree = "<group>"; };
		BD485977250F515B0006FE8E /* Assets.xcassets */ = {isa = PBXFileReference; lastKnownFileType = folder.assetcatalog; path = Assets.xcassets; sourceTree = "<group>"; };
		BD48597A250F515B0006FE8E /* Base */ = {isa = PBXFileReference; lastKnownFileType = file.storyboard; name = Base; path = Base.lproj/LaunchScreen.storyboard; sourceTree = "<group>"; };
		BD48597C250F515B0006FE8E /* Info.plist */ = {isa = PBXFileReference; lastKnownFileType = text.plist.xml; path = Info.plist; sourceTree = "<group>"; };
		BD485981250F515B0006FE8E /* SoundTests.xctest */ = {isa = PBXFileReference; explicitFileType = wrapper.cfbundle; includeInIndex = 0; path = SoundTests.xctest; sourceTree = BUILT_PRODUCTS_DIR; };
		BD485985250F515B0006FE8E /* SoundTests.swift */ = {isa = PBXFileReference; lastKnownFileType = sourcecode.swift; path = SoundTests.swift; sourceTree = "<group>"; };
		BD485987250F515B0006FE8E /* Info.plist */ = {isa = PBXFileReference; lastKnownFileType = text.plist.xml; path = Info.plist; sourceTree = "<group>"; };
		BD48598C250F515B0006FE8E /* SoundUITests.xctest */ = {isa = PBXFileReference; explicitFileType = wrapper.cfbundle; includeInIndex = 0; path = SoundUITests.xctest; sourceTree = BUILT_PRODUCTS_DIR; };
		BD485990250F515B0006FE8E /* SoundUITests.swift */ = {isa = PBXFileReference; lastKnownFileType = sourcecode.swift; path = SoundUITests.swift; sourceTree = "<group>"; };
		BD485992250F515B0006FE8E /* Info.plist */ = {isa = PBXFileReference; lastKnownFileType = text.plist.xml; path = Info.plist; sourceTree = "<group>"; };
/* End PBXFileReference section */

/* Begin PBXFrameworksBuildPhase section */
		BD485968250F515A0006FE8E /* Frameworks */ = {
			isa = PBXFrameworksBuildPhase;
			buildActionMask = 2147483647;
			files = (
			);
			runOnlyForDeploymentPostprocessing = 0;
		};
		BD48597E250F515B0006FE8E /* Frameworks */ = {
			isa = PBXFrameworksBuildPhase;
			buildActionMask = 2147483647;
			files = (
			);
			runOnlyForDeploymentPostprocessing = 0;
		};
		BD485989250F515B0006FE8E /* Frameworks */ = {
			isa = PBXFrameworksBuildPhase;
			buildActionMask = 2147483647;
			files = (
			);
			runOnlyForDeploymentPostprocessing = 0;
		};
/* End PBXFrameworksBuildPhase section */

/* Begin PBXGroup section */
		BD485962250F515A0006FE8E = {
			isa = PBXGroup;
			children = (
				BD48596D250F515A0006FE8E /* Sound */,
				BD485984250F515B0006FE8E /* SoundTests */,
				BD48598F250F515B0006FE8E /* SoundUITests */,
				BD48596C250F515A0006FE8E /* Products */,
			);
			sourceTree = "<group>";
		};
		BD48596C250F515A0006FE8E /* Products */ = {
			isa = PBXGroup;
			children = (
				BD48596B250F515A0006FE8E /* Sound.app */,
				BD485981250F515B0006FE8E /* SoundTests.xctest */,
				BD48598C250F515B0006FE8E /* SoundUITests.xctest */,
			);
			name = Products;
			sourceTree = "<group>";
		};
		BD48596D250F515A0006FE8E /* Sound */ = {
			isa = PBXGroup;
			children = (
				BD48596E250F515A0006FE8E /* AppDelegate.swift */,
				BD485970250F515A0006FE8E /* SceneDelegate.swift */,
				BD485972250F515A0006FE8E /* ViewController.swift */,
				BD485974250F515A0006FE8E /* Main.storyboard */,
				BD485977250F515B0006FE8E /* Assets.xcassets */,
				BD485979250F515B0006FE8E /* LaunchScreen.storyboard */,
				BD48597C250F515B0006FE8E /* Info.plist */,
			);
			path = Sound;
			sourceTree = "<group>";
		};
		BD485984250F515B0006FE8E /* SoundTests */ = {
			isa = PBXGroup;
			children = (
				BD485985250F515B0006FE8E /* SoundTests.swift */,
				BD485987250F515B0006FE8E /* Info.plist */,
			);
			path = SoundTests;
			sourceTree = "<group>";
		};
		BD48598F250F515B0006FE8E /* SoundUITests */ = {
			isa = PBXGroup;
			children = (
				BD485990250F515B0006FE8E /* SoundUITests.swift */,
				BD485992250F515B0006FE8E /* Info.plist */,
			);
			path = SoundUITests;
			sourceTree = "<group>";
		};
/* End PBXGroup section */

/* Begin PBXNativeTarget section */
		BD48596A250F515A0006FE8E /* Sound */ = {
			isa = PBXNativeTarget;
			buildConfigurationList = BD485995250F515B0006FE8E /* Build configuration list for PBXNativeTarget "Sound" */;
			buildPhases = (
				BD485967250F515A0006FE8E /* Sources */,
				BD485968250F515A0006FE8E /* Frameworks */,
				BD485969250F515A0006FE8E /* Resources */,
			);
			buildRules = (
			);
			dependencies = (
			);
			name = Sound;
			productName = Sound;
			productReference = BD48596B250F515A0006FE8E /* Sound.app */;
			productType = "com.apple.product-type.application";
		};
		BD485980250F515B0006FE8E /* SoundTests */ = {
			isa = PBXNativeTarget;
			buildConfigurationList = BD485998250F515B0006FE8E /* Build configuration list for PBXNativeTarget "SoundTests" */;
			buildPhases = (
				BD48597D250F515B0006FE8E /* Sources */,
				BD48597E250F515B0006FE8E /* Frameworks */,
				BD48597F250F515B0006FE8E /* Resources */,
			);
			buildRules = (
			);
			dependencies = (
				BD485983250F515B0006FE8E /* PBXTargetDependency */,
			);
			name = SoundTests;
			productName = SoundTests;
			productReference = BD485981250F515B0006FE8E /* SoundTests.xctest */;
			productType = "com.apple.product-type.bundle.unit-test";
		};
		BD48598B250F515B0006FE8E /* SoundUITests */ = {
			isa = PBXNativeTarget;
			buildConfigurationList = BD48599B250F515B0006FE8E /* Build configuration list for PBXNativeTarget "SoundUITests" */;
			buildPhases = (
				BD485988250F515B0006FE8E /* Sources */,
				BD485989250F515B0006FE8E /* Frameworks */,
				BD48598A250F515B0006FE8E /* Resources */,
			);
			buildRules = (
			);
			dependencies = (
				BD48598E250F515B0006FE8E /* PBXTargetDependency */,
			);
			name = SoundUITests;
			productName = SoundUITests;
			productReference = BD48598C250F515B0006FE8E /* SoundUITests.xctest */;
			productType = "com.apple.product-type.bundle.ui-testing";
		};
/* End PBXNativeTarget section */

/* Begin PBXProject section */
		BD485963250F515A0006FE8E /* Project object */ = {
			isa = PBXProject;
			attributes = {
				LastSwiftUpdateCheck = 1170;
				LastUpgradeCheck = 1170;
				ORGANIZATIONNAME = "Takayama Mizuki";
				TargetAttributes = {
					BD48596A250F515A0006FE8E = {
						CreatedOnToolsVersion = 11.7;
					};
					BD485980250F515B0006FE8E = {
						CreatedOnToolsVersion = 11.7;
						TestTargetID = BD48596A250F515A0006FE8E;
					};
					BD48598B250F515B0006FE8E = {
						CreatedOnToolsVersion = 11.7;
						TestTargetID = BD48596A250F515A0006FE8E;
					};
				};
			};
			buildConfigurationList = BD485966250F515A0006FE8E /* Build configuration list for PBXProject "Sound" */;
			compatibilityVersion = "Xcode 9.3";
			developmentRegion = en;
			hasScannedForEncodings = 0;
			knownRegions = (
				en,
				Base,
			);
			mainGroup = BD485962250F515A0006FE8E;
			productRefGroup = BD48596C250F515A0006FE8E /* Products */;
			projectDirPath = "";
			projectRoot = "";
			targets = (
				BD48596A250F515A0006FE8E /* Sound */,
				BD485980250F515B0006FE8E /* SoundTests */,
				BD48598B250F515B0006FE8E /* SoundUITests */,
			);
		};
/* End PBXProject section */

/* Begin PBXResourcesBuildPhase section */
		BD485969250F515A0006FE8E /* Resources */ = {
			isa = PBXResourcesBuildPhase;
			buildActionMask = 2147483647;
			files = (
				BD48597B250F515B0006FE8E /* LaunchScreen.storyboard in Resources */,
				BD485978250F515B0006FE8E /* Assets.xcassets in Resources */,
				BD485976250F515A0006FE8E /* Main.storyboard in Resources */,
			);
			runOnlyForDeploymentPostprocessing = 0;
		};
		BD48597F250F515B0006FE8E /* Resources */ = {
			isa = PBXResourcesBuildPhase;
			buildActionMask = 2147483647;
			files = (
			);
			runOnlyForDeploymentPostprocessing = 0;
		};
		BD48598A250F515B0006FE8E /* Resources */ = {
			isa = PBXResourcesBuildPhase;
			buildActionMask = 2147483647;
			files = (
			);
			runOnlyForDeploymentPostprocessing = 0;
		};
/* End PBXResourcesBuildPhase section */

/* Begin PBXSourcesBuildPhase section */
		BD485967250F515A0006FE8E /* Sources */ = {
			isa = PBXSourcesBuildPhase;
			buildActionMask = 2147483647;
			files = (
				BD485973250F515A0006FE8E /* ViewController.swift in Sources */,
				BD48596F250F515A0006FE8E /* AppDelegate.swift in Sources */,
				BD485971250F515A0006FE8E /* SceneDelegate.swift in Sources */,
			);
			runOnlyForDeploymentPostprocessing = 0;
		};
		BD48597D250F515B0006FE8E /* Sources */ = {
			isa = PBXSourcesBuildPhase;
			buildActionMask = 2147483647;
			files = (
				BD485986250F515B0006FE8E /* SoundTests.swift in Sources */,
			);
			runOnlyForDeploymentPostprocessing = 0;
		};
		BD485988250F515B0006FE8E /* Sources */ = {
			isa = PBXSourcesBuildPhase;
			buildActionMask = 2147483647;
			files = (
				BD485991250F515B0006FE8E /* SoundUITests.swift in Sources */,
			);
			runOnlyForDeploymentPostprocessing = 0;
		};
/* End PBXSourcesBuildPhase section */

/* Begin PBXTargetDependency section */
		BD485983250F515B0006FE8E /* PBXTargetDependency */ = {
			isa = PBXTargetDependency;
			target = BD48596A250F515A0006FE8E /* Sound */;
			targetProxy = BD485982250F515B0006FE8E /* PBXContainerItemProxy */;
		};
		BD48598E250F515B0006FE8E /* PBXTargetDependency */ = {
			isa = PBXTargetDependency;
			target = BD48596A250F515A0006FE8E /* Sound */;
			targetProxy = BD48598D250F515B0006FE8E /* PBXContainerItemProxy */;
		};
/* End PBXTargetDependency section */

/* Begin PBXVariantGroup section */
		BD485974250F515A0006FE8E /* Main.storyboard */ = {
			isa = PBXVariantGroup;
			children = (
				BD485975250F515A0006FE8E /* Base */,
			);
			name = Main.storyboard;
			sourceTree = "<group>";
		};
		BD485979250F515B0006FE8E /* LaunchScreen.storyboard */ = {
			isa = PBXVariantGroup;
			children = (
				BD48597A250F515B0006FE8E /* Base */,
			);
			name = LaunchScreen.storyboard;
			sourceTree = "<group>";
		};
/* End PBXVariantGroup section */

/* Begin XCBuildConfiguration section */
		BD485993250F515B0006FE8E /* Debug */ = {
			isa = XCBuildConfiguration;
			buildSettings = {
				ALWAYS_SEARCH_USER_PATHS = NO;
				CLANG_ANALYZER_NONNULL = YES;
				CLANG_ANALYZER_NUMBER_OBJECT_CONVERSION = YES_AGGRESSIVE;
				CLANG_CXX_LANGUAGE_STANDARD = "gnu++14";
				CLANG_CXX_LIBRARY = "libc++";
				CLANG_ENABLE_MODULES = YES;
				CLANG_ENABLE_OBJC_ARC = YES;
				CLANG_ENABLE_OBJC_WEAK = YES;
				CLANG_WARN_BLOCK_CAPTURE_AUTORELEASING = YES;
				CLANG_WARN_BOOL_CONVERSION = YES;
				CLANG_WARN_COMMA = YES;
				CLANG_WARN_CONSTANT_CONVERSION = YES;
				CLANG_WARN_DEPRECATED_OBJC_IMPLEMENTATIONS = YES;
				CLANG_WARN_DIRECT_OBJC_ISA_USAGE = YES_ERROR;
				CLANG_WARN_DOCUMENTATION_COMMENTS = YES;
				CLANG_WARN_EMPTY_BODY = YES;
				CLANG_WARN_ENUM_CONVERSION = YES;
				CLANG_WARN_INFINITE_RECURSION = YES;
				CLANG_WARN_INT_CONVERSION = YES;
				CLANG_WARN_NON_LITERAL_NULL_CONVERSION = YES;
				CLANG_WARN_OBJC_IMPLICIT_RETAIN_SELF = YES;
				CLANG_WARN_OBJC_LITERAL_CONVERSION = YES;
				CLANG_WARN_OBJC_ROOT_CLASS = YES_ERROR;
				CLANG_WARN_RANGE_LOOP_ANALYSIS = YES;
				CLANG_WARN_STRICT_PROTOTYPES = YES;
				CLANG_WARN_SUSPICIOUS_MOVE = YES;
				CLANG_WARN_UNGUARDED_AVAILABILITY = YES_AGGRESSIVE;
				CLANG_WARN_UNREACHABLE_CODE = YES;
				CLANG_WARN__DUPLICATE_METHOD_MATCH = YES;
				COPY_PHASE_STRIP = NO;
				DEBUG_INFORMATION_FORMAT = dwarf;
				ENABLE_STRICT_OBJC_MSGSEND = YES;
				ENABLE_TESTABILITY = YES;
				GCC_C_LANGUAGE_STANDARD = gnu11;
				GCC_DYNAMIC_NO_PIC = NO;
				GCC_NO_COMMON_BLOCKS = YES;
				GCC_OPTIMIZATION_LEVEL = 0;
				GCC_PREPROCESSOR_DEFINITIONS = (
					"DEBUG=1",
					"$(inherited)",
				);
				GCC_WARN_64_TO_32_BIT_CONVERSION = YES;
				GCC_WARN_ABOUT_RETURN_TYPE = YES_ERROR;
				GCC_WARN_UNDECLARED_SELECTOR = YES;
				GCC_WARN_UNINITIALIZED_AUTOS = YES_AGGRESSIVE;
				GCC_WARN_UNUSED_FUNCTION = YES;
				GCC_WARN_UNUSED_VARIABLE = YES;
				IPHONEOS_DEPLOYMENT_TARGET = 13.7;
				MTL_ENABLE_DEBUG_INFO = INCLUDE_SOURCE;
				MTL_FAST_MATH = YES;
				ONLY_ACTIVE_ARCH = YES;
				SDKROOT = iphoneos;
				SWIFT_ACTIVE_COMPILATION_CONDITIONS = DEBUG;
				SWIFT_OPTIMIZATION_LEVEL = "-Onone";
			};
			name = Debug;
		};
		BD485994250F515B0006FE8E /* Release */ = {
			isa = XCBuildConfiguration;
			buildSettings = {
				ALWAYS_SEARCH_USER_PATHS = NO;
				CLANG_ANALYZER_NONNULL = YES;
				CLANG_ANALYZER_NUMBER_OBJECT_CONVERSION = YES_AGGRESSIVE;
				CLANG_CXX_LANGUAGE_STANDARD = "gnu++14";
				CLANG_CXX_LIBRARY = "libc++";
				CLANG_ENABLE_MODULES = YES;
				CLANG_ENABLE_OBJC_ARC = YES;
				CLANG_ENABLE_OBJC_WEAK = YES;
				CLANG_WARN_BLOCK_CAPTURE_AUTORELEASING = YES;
				CLANG_WARN_BOOL_CONVERSION = YES;
				CLANG_WARN_COMMA = YES;
				CLANG_WARN_CONSTANT_CONVERSION = YES;
				CLANG_WARN_DEPRECATED_OBJC_IMPLEMENTATIONS = YES;
				CLANG_WARN_DIRECT_OBJC_ISA_USAGE = YES_ERROR;
				CLANG_WARN_DOCUMENTATION_COMMENTS = YES;
				CLANG_WARN_EMPTY_BODY = YES;
				CLANG_WARN_ENUM_CONVERSION = YES;
				CLANG_WARN_INFINITE_RECURSION = YES;
				CLANG_WARN_INT_CONVERSION = YES;
				CLANG_WARN_NON_LITERAL_NULL_CONVERSION = YES;
				CLANG_WARN_OBJC_IMPLICIT_RETAIN_SELF = YES;
				CLANG_WARN_OBJC_LITERAL_CONVERSION = YES;
				CLANG_WARN_OBJC_ROOT_CLASS = YES_ERROR;
				CLANG_WARN_RANGE_LOOP_ANALYSIS = YES;
				CLANG_WARN_STRICT_PROTOTYPES = YES;
				CLANG_WARN_SUSPICIOUS_MOVE = YES;
				CLANG_WARN_UNGUARDED_AVAILABILITY = YES_AGGRESSIVE;
				CLANG_WARN_UNREACHABLE_CODE = YES;
				CLANG_WARN__DUPLICATE_METHOD_MATCH = YES;
				COPY_PHASE_STRIP = NO;
				DEBUG_INFORMATION_FORMAT = "dwarf-with-dsym";
				ENABLE_NS_ASSERTIONS = NO;
				ENABLE_STRICT_OBJC_MSGSEND = YES;
				GCC_C_LANGUAGE_STANDARD = gnu11;
				GCC_NO_COMMON_BLOCKS = YES;
				GCC_WARN_64_TO_32_BIT_CONVERSION = YES;
				GCC_WARN_ABOUT_RETURN_TYPE = YES_ERROR;
				GCC_WARN_UNDECLARED_SELECTOR = YES;
				GCC_WARN_UNINITIALIZED_AUTOS = YES_AGGRESSIVE;
				GCC_WARN_UNUSED_FUNCTION = YES;
				GCC_WARN_UNUSED_VARIABLE = YES;
				IPHONEOS_DEPLOYMENT_TARGET = 13.7;
				MTL_ENABLE_DEBUG_INFO = NO;
				MTL_FAST_MATH = YES;
				SDKROOT = iphoneos;
				SWIFT_COMPILATION_MODE = wholemodule;
				SWIFT_OPTIMIZATION_LEVEL = "-O";
				VALIDATE_PRODUCT = YES;
			};
			name = Release;
		};
		BD485996250F515B0006FE8E /* Debug */ = {
			isa = XCBuildConfiguration;
			buildSettings = {
				ASSETCATALOG_COMPILER_APPICON_NAME = AppIcon;
				CODE_SIGN_STYLE = Automatic;
				INFOPLIST_FILE = Sound/Info.plist;
				LD_RUNPATH_SEARCH_PATHS = (
					"$(inherited)",
					"@executable_path/Frameworks",
				);
				PRODUCT_BUNDLE_IDENTIFIER = app.takayama.mizuki.Sound;
				PRODUCT_NAME = "$(TARGET_NAME)";
				SWIFT_VERSION = 5.0;
				TARGETED_DEVICE_FAMILY = "1,2";
			};
			name = Debug;
		};
		BD485997250F515B0006FE8E /* Release */ = {
			isa = XCBuildConfiguration;
			buildSettings = {
				ASSETCATALOG_COMPILER_APPICON_NAME = AppIcon;
				CODE_SIGN_STYLE = Automatic;
				INFOPLIST_FILE = Sound/Info.plist;
				LD_RUNPATH_SEARCH_PATHS = (
					"$(inherited)",
					"@executable_path/Frameworks",
				);
				PRODUCT_BUNDLE_IDENTIFIER = app.takayama.mizuki.Sound;
				PRODUCT_NAME = "$(TARGET_NAME)";
				SWIFT_VERSION = 5.0;
				TARGETED_DEVICE_FAMILY = "1,2";
			};
			name = Release;
		};
		BD485999250F515B0006FE8E /* Debug */ = {
			isa = XCBuildConfiguration;
			buildSettings = {
				ALWAYS_EMBED_SWIFT_STANDARD_LIBRARIES = YES;
				BUNDLE_LOADER = "$(TEST_HOST)";
				CODE_SIGN_STYLE = Automatic;
				INFOPLIST_FILE = SoundTests/Info.plist;
				IPHONEOS_DEPLOYMENT_TARGET = 13.7;
				LD_RUNPATH_SEARCH_PATHS = (
					"$(inherited)",
					"@executable_path/Frameworks",
					"@loader_path/Frameworks",
				);
				PRODUCT_BUNDLE_IDENTIFIER = app.takayama.mizuki.SoundTests;
				PRODUCT_NAME = "$(TARGET_NAME)";
				SWIFT_VERSION = 5.0;
				TARGETED_DEVICE_FAMILY = "1,2";
				TEST_HOST = "$(BUILT_PRODUCTS_DIR)/Sound.app/Sound";
			};
			name = Debug;
		};
		BD48599A250F515B0006FE8E /* Release */ = {
			isa = XCBuildConfiguration;
			buildSettings = {
				ALWAYS_EMBED_SWIFT_STANDARD_LIBRARIES = YES;
				BUNDLE_LOADER = "$(TEST_HOST)";
				CODE_SIGN_STYLE = Automatic;
				INFOPLIST_FILE = SoundTests/Info.plist;
				IPHONEOS_DEPLOYMENT_TARGET = 13.7;
				LD_RUNPATH_SEARCH_PATHS = (
					"$(inherited)",
					"@executable_path/Frameworks",
					"@loader_path/Frameworks",
				);
				PRODUCT_BUNDLE_IDENTIFIER = app.takayama.mizuki.SoundTests;
				PRODUCT_NAME = "$(TARGET_NAME)";
				SWIFT_VERSION = 5.0;
				TARGETED_DEVICE_FAMILY = "1,2";
				TEST_HOST = "$(BUILT_PRODUCTS_DIR)/Sound.app/Sound";
			};
			name = Release;
		};
		BD48599C250F515B0006FE8E /* Debug */ = {
			isa = XCBuildConfiguration;
			buildSettings = {
				ALWAYS_EMBED_SWIFT_STANDARD_LIBRARIES = YES;
				CODE_SIGN_STYLE = Automatic;
				INFOPLIST_FILE = SoundUITests/Info.plist;
				LD_RUNPATH_SEARCH_PATHS = (
					"$(inherited)",
					"@executable_path/Frameworks",
					"@loader_path/Frameworks",
				);
				PRODUCT_BUNDLE_IDENTIFIER = app.takayama.mizuki.SoundUITests;
				PRODUCT_NAME = "$(TARGET_NAME)";
				SWIFT_VERSION = 5.0;
				TARGETED_DEVICE_FAMILY = "1,2";
				TEST_TARGET_NAME = Sound;
			};
			name = Debug;
		};
		BD48599D250F515B0006FE8E /* Release */ = {
			isa = XCBuildConfiguration;
			buildSettings = {
				ALWAYS_EMBED_SWIFT_STANDARD_LIBRARIES = YES;
				CODE_SIGN_STYLE = Automatic;
				INFOPLIST_FILE = SoundUITests/Info.plist;
				LD_RUNPATH_SEARCH_PATHS = (
					"$(inherited)",
					"@executable_path/Frameworks",
					"@loader_path/Frameworks",
				);
				PRODUCT_BUNDLE_IDENTIFIER = app.takayama.mizuki.SoundUITests;
				PRODUCT_NAME = "$(TARGET_NAME)";
				SWIFT_VERSION = 5.0;
				TARGETED_DEVICE_FAMILY = "1,2";
				TEST_TARGET_NAME = Sound;
			};
			name = Release;
		};
/* End XCBuildConfiguration section */

/* Begin XCConfigurationList section */
		BD485966250F515A0006FE8E /* Build configuration list for PBXProject "Sound" */ = {
			isa = XCConfigurationList;
			buildConfigurations = (
				BD485993250F515B0006FE8E /* Debug */,
				BD485994250F515B0006FE8E /* Release */,
			);
			defaultConfigurationIsVisible = 0;
			defaultConfigurationName = Release;
		};
		BD485995250F515B0006FE8E /* Build configuration list for PBXNativeTarget "Sound" */ = {
			isa = XCConfigurationList;
			buildConfigurations = (
				BD485996250F515B0006FE8E /* Debug */,
				BD485997250F515B0006FE8E /* Release */,
			);
			defaultConfigurationIsVisible = 0;
			defaultConfigurationName = Release;
		};
		BD485998250F515B0006FE8E /* Build configuration list for PBXNativeTarget "SoundTests" */ = {
			isa = XCConfigurationList;
			buildConfigurations = (
				BD485999250F515B0006FE8E /* Debug */,
				BD48599A250F515B0006FE8E /* Release */,
			);
			defaultConfigurationIsVisible = 0;
			defaultConfigurationName = Release;
		};
		BD48599B250F515B0006FE8E /* Build configuration list for PBXNativeTarget "SoundUITests" */ = {
			isa = XCConfigurationList;
			buildConfigurations = (
				BD48599C250F515B0006FE8E /* Debug */,
				BD48599D250F515B0006FE8E /* Release */,
			);
			defaultConfigurationIsVisible = 0;
			defaultConfigurationName = Release;
		};
/* End XCConfigurationList section */
	};
	rootObject = BD485963250F515A0006FE8E /* Project object */;
}
